
Microsoft Visual Studio Solution File, Format Version 12.00
# Visual Studio Version 17
VisualStudioVersion = 17.0.31919.166
MinimumVisualStudioVersion = 10.0.40219.1
Project("{9A19103F-16F7-4668-BE54-9A1E7A4F7556}") = "Nudelsieb.Cli", "Nudelsieb.Cli\Nudelsieb.Cli.csproj", "{6D983EB3-2C3C-48F0-9037-DDE464132255}"
EndProject
Project("{9A19103F-16F7-4668-BE54-9A1E7A4F7556}") = "Nudelsieb.Shared.Clients", "Nudelsieb.Shared.Clients\Nudelsieb.Shared.Clients.csproj", "{C88DC04A-2FCD-4365-A895-44BFADDDB158}"
EndProject
Global
	GlobalSection(SolutionConfigurationPlatforms) = preSolution
		Debug|Any CPU = Debug|Any CPU
		Release|Any CPU = Release|Any CPU
	EndGlobalSection
	GlobalSection(ProjectConfigurationPlatforms) = postSolution
		{6D983EB3-2C3C-48F0-9037-DDE464132255}.Debug|Any CPU.ActiveCfg = Debug|Any CPU
		{6D983EB3-2C3C-48F0-9037-DDE464132255}.Debug|Any CPU.Build.0 = Debug|Any CPU
		{6D983EB3-2C3C-48F0-9037-DDE464132255}.Release|Any CPU.ActiveCfg = Release|Any CPU
		{6D983EB3-2C3C-48F0-9037-DDE464132255}.Release|Any CPU.Build.0 = Release|Any CPU
		{C88DC04A-2FCD-4365-A895-44BFADDDB158}.Debug|Any CPU.ActiveCfg = Debug|Any CPU
		{C88DC04A-2FCD-4365-A895-44BFADDDB158}.Debug|Any CPU.Build.0 = Debug|Any CPU
		{C88DC04A-2FCD-4365-A895-44BFADDDB158}.Release|Any CPU.ActiveCfg = Release|Any CPU
		{C88DC04A-2FCD-4365-A895-44BFADDDB158}.Release|Any CPU.Build.0 = Release|Any CPU
	EndGlobalSection
	GlobalSection(SolutionProperties) = preSolution
		HideSolutionNode = FALSE
	EndGlobalSection
	GlobalSection(ExtensibilityGlobals) = postSolution
		SolutionGuid = {C1AAC069-BCBC-4847-9B18-3472930BB38E}
	EndGlobalSection
EndGlobal
