
Microsoft Visual Studio Solution File, Format Version 12.00
# Visual Studio Version 16
VisualStudioVersion = 16.0.30011.22
MinimumVisualStudioVersion = 10.0.40219.1
Project("{9A19103F-16F7-4668-BE54-9A1E7A4F7556}") = "Nudelsieb.WebApi", "Nudelsieb.WebApi\Nudelsieb.WebApi.csproj", "{A81135D0-3BE0-4CEA-B177-F337B9D7B76C}"
EndProject
Project("{9A19103F-16F7-4668-BE54-9A1E7A4F7556}") = "Nudelsieb.Domain", "Nudelsieb.Domain\Nudelsieb.Domain.csproj", "{CDCDBD8C-8A8A-4C51-8354-7DC9264CCA72}"
EndProject
Project("{9A19103F-16F7-4668-BE54-9A1E7A4F7556}") = "Nudelsieb.Persistence", "Nudelsieb.Persistence\Nudelsieb.Persistence.csproj", "{F6D01AB0-1DEB-40D7-BFB1-C606E505038F}"
EndProject
Project("{9A19103F-16F7-4668-BE54-9A1E7A4F7556}") = "Nudelsieb.Persistence.Relational", "Nudelsieb.Persistence.Relational\Nudelsieb.Persistence.Relational.csproj", "{CC308F7A-E9F9-4574-80A2-2D0EC0540DEC}"
EndProject
Project("{2150E333-8FDC-42A3-9474-1A3956D46DE8}") = "Documentation", "Documentation", "{F6048271-55BE-4A08-8B92-8C1831159E11}"
	ProjectSection(SolutionItems) = preProject
		..\..\readme.md = ..\..\readme.md
	EndProjectSection
EndProject
Project("{9A19103F-16F7-4668-BE54-9A1E7A4F7556}") = "Nudelsieb.Notifications", "Nudelsieb.Notifications\Nudelsieb.Notifications.csproj", "{DA30D542-700A-48C4-8259-0685216F2062}"
EndProject
Project("{2150E333-8FDC-42A3-9474-1A3956D46DE8}") = "Infrastructure", "Infrastructure", "{AC50A7A9-21F5-47F0-B61F-1B86D19AE989}"
EndProject
Project("{9A19103F-16F7-4668-BE54-9A1E7A4F7556}") = "Nudelsieb.Application", "Nudelsieb.Application\Nudelsieb.Application.csproj", "{A8181DCA-D2E6-4EBC-AD6F-C5B0079FBA5F}"
EndProject
Project("{2150E333-8FDC-42A3-9474-1A3956D46DE8}") = "_misc", "_misc", "{1FE1660B-B16B-4E16-B54A-708A7B212EE5}"
	ProjectSection(SolutionItems) = preProject
		.editorconfig = .editorconfig
		CodeMaid.config = CodeMaid.config
		stylecop.json = stylecop.json
	EndProjectSection
EndProject
Global
	GlobalSection(SolutionConfigurationPlatforms) = preSolution
		Debug|Any CPU = Debug|Any CPU
		Release|Any CPU = Release|Any CPU
	EndGlobalSection
	GlobalSection(ProjectConfigurationPlatforms) = postSolution
		{A81135D0-3BE0-4CEA-B177-F337B9D7B76C}.Debug|Any CPU.ActiveCfg = Debug|Any CPU
		{A81135D0-3BE0-4CEA-B177-F337B9D7B76C}.Debug|Any CPU.Build.0 = Debug|Any CPU
		{A81135D0-3BE0-4CEA-B177-F337B9D7B76C}.Release|Any CPU.ActiveCfg = Release|Any CPU
		{A81135D0-3BE0-4CEA-B177-F337B9D7B76C}.Release|Any CPU.Build.0 = Release|Any CPU
		{CDCDBD8C-8A8A-4C51-8354-7DC9264CCA72}.Debug|Any CPU.ActiveCfg = Debug|Any CPU
		{CDCDBD8C-8A8A-4C51-8354-7DC9264CCA72}.Debug|Any CPU.Build.0 = Debug|Any CPU
		{CDCDBD8C-8A8A-4C51-8354-7DC9264CCA72}.Release|Any CPU.ActiveCfg = Release|Any CPU
		{CDCDBD8C-8A8A-4C51-8354-7DC9264CCA72}.Release|Any CPU.Build.0 = Release|Any CPU
		{F6D01AB0-1DEB-40D7-BFB1-C606E505038F}.Debug|Any CPU.ActiveCfg = Debug|Any CPU
		{F6D01AB0-1DEB-40D7-BFB1-C606E505038F}.Debug|Any CPU.Build.0 = Debug|Any CPU
		{F6D01AB0-1DEB-40D7-BFB1-C606E505038F}.Release|Any CPU.ActiveCfg = Release|Any CPU
		{F6D01AB0-1DEB-40D7-BFB1-C606E505038F}.Release|Any CPU.Build.0 = Release|Any CPU
		{CC308F7A-E9F9-4574-80A2-2D0EC0540DEC}.Debug|Any CPU.ActiveCfg = Debug|Any CPU
		{CC308F7A-E9F9-4574-80A2-2D0EC0540DEC}.Debug|Any CPU.Build.0 = Debug|Any CPU
		{CC308F7A-E9F9-4574-80A2-2D0EC0540DEC}.Release|Any CPU.ActiveCfg = Release|Any CPU
		{CC308F7A-E9F9-4574-80A2-2D0EC0540DEC}.Release|Any CPU.Build.0 = Release|Any CPU
		{DA30D542-700A-48C4-8259-0685216F2062}.Debug|Any CPU.ActiveCfg = Debug|Any CPU
		{DA30D542-700A-48C4-8259-0685216F2062}.Debug|Any CPU.Build.0 = Debug|Any CPU
		{DA30D542-700A-48C4-8259-0685216F2062}.Release|Any CPU.ActiveCfg = Release|Any CPU
		{DA30D542-700A-48C4-8259-0685216F2062}.Release|Any CPU.Build.0 = Release|Any CPU
		{A8181DCA-D2E6-4EBC-AD6F-C5B0079FBA5F}.Debug|Any CPU.ActiveCfg = Debug|Any CPU
		{A8181DCA-D2E6-4EBC-AD6F-C5B0079FBA5F}.Debug|Any CPU.Build.0 = Debug|Any CPU
		{A8181DCA-D2E6-4EBC-AD6F-C5B0079FBA5F}.Release|Any CPU.ActiveCfg = Release|Any CPU
		{A8181DCA-D2E6-4EBC-AD6F-C5B0079FBA5F}.Release|Any CPU.Build.0 = Release|Any CPU
	EndGlobalSection
	GlobalSection(SolutionProperties) = preSolution
		HideSolutionNode = FALSE
	EndGlobalSection
	GlobalSection(NestedProjects) = preSolution
		{F6D01AB0-1DEB-40D7-BFB1-C606E505038F} = {AC50A7A9-21F5-47F0-B61F-1B86D19AE989}
		{CC308F7A-E9F9-4574-80A2-2D0EC0540DEC} = {AC50A7A9-21F5-47F0-B61F-1B86D19AE989}
		{DA30D542-700A-48C4-8259-0685216F2062} = {AC50A7A9-21F5-47F0-B61F-1B86D19AE989}
	EndGlobalSection
	GlobalSection(ExtensibilityGlobals) = postSolution
		SolutionGuid = {4C84B2E6-5F3D-4081-94C6-DDCCD7653605}
	EndGlobalSection
EndGlobal
