
Microsoft Visual Studio Solution File, Format Version 12.00
# Visual Studio Version 16
VisualStudioVersion = 16.0.30011.22
MinimumVisualStudioVersion = 10.0.40219.1
Project("{9A19103F-16F7-4668-BE54-9A1E7A4F7556}") = "Nudelsieb.Cli", "Nudelsieb.Cli\Nudelsieb.Cli.csproj", "{0E8C6529-DC7F-4ED5-88A7-4883DB1B8CEC}"
EndProject
Project("{9A19103F-16F7-4668-BE54-9A1E7A4F7556}") = "Nudelsieb.WebApi", "Nudelsieb.WebApi\Nudelsieb.WebApi.csproj", "{A81135D0-3BE0-4CEA-B177-F337B9D7B76C}"
EndProject
Project("{9A19103F-16F7-4668-BE54-9A1E7A4F7556}") = "Nudelsieb.Domain", "Nudelsieb.Domain\Nudelsieb.Domain.csproj", "{CDCDBD8C-8A8A-4C51-8354-7DC9264CCA72}"
EndProject
Project("{9A19103F-16F7-4668-BE54-9A1E7A4F7556}") = "Nudelsieb.Persistence", "Nudelsieb.Persistence\Nudelsieb.Persistence.csproj", "{F6D01AB0-1DEB-40D7-BFB1-C606E505038F}"
EndProject
Project("{9A19103F-16F7-4668-BE54-9A1E7A4F7556}") = "Nudelsieb.Persistence.Relational", "Nudelsieb.Persistence.Relational\Nudelsieb.Persistence.Relational.csproj", "{CC308F7A-E9F9-4574-80A2-2D0EC0540DEC}"
EndProject
Project("{FAE04EC0-301F-11D3-BF4B-00C04F79EFBC}") = "Nudelsieb.Mobile.Android", "Nudelsieb.Mobile\Nudelsieb.Mobile.Android\Nudelsieb.Mobile.Android.csproj", "{08ABC336-4A55-4186-A9E7-4E0FB66826F8}"
EndProject
Project("{FAE04EC0-301F-11D3-BF4B-00C04F79EFBC}") = "Nudelsieb.Mobile", "Nudelsieb.Mobile\Nudelsieb.Mobile\Nudelsieb.Mobile.csproj", "{0B93D89D-B005-45C9-B7C4-2E38529AFD35}"
EndProject
Global
	GlobalSection(SolutionConfigurationPlatforms) = preSolution
		Debug|Any CPU = Debug|Any CPU
		Release|Any CPU = Release|Any CPU
	EndGlobalSection
	GlobalSection(ProjectConfigurationPlatforms) = postSolution
		{0E8C6529-DC7F-4ED5-88A7-4883DB1B8CEC}.Debug|Any CPU.ActiveCfg = Debug|Any CPU
		{0E8C6529-DC7F-4ED5-88A7-4883DB1B8CEC}.Debug|Any CPU.Build.0 = Debug|Any CPU
		{0E8C6529-DC7F-4ED5-88A7-4883DB1B8CEC}.Release|Any CPU.ActiveCfg = Release|Any CPU
		{0E8C6529-DC7F-4ED5-88A7-4883DB1B8CEC}.Release|Any CPU.Build.0 = Release|Any CPU
		{A81135D0-3BE0-4CEA-B177-F337B9D7B76C}.Debug|Any CPU.ActiveCfg = Debug|Any CPU
		{A81135D0-3BE0-4CEA-B177-F337B9D7B76C}.Debug|Any CPU.Build.0 = Debug|Any CPU
		{A81135D0-3BE0-4CEA-B177-F337B9D7B76C}.Release|Any CPU.ActiveCfg = Release|Any CPU
		{A81135D0-3BE0-4CEA-B177-F337B9D7B76C}.Release|Any CPU.Build.0 = Release|Any CPU
		{CDCDBD8C-8A8A-4C51-8354-7DC9264CCA72}.Debug|Any CPU.ActiveCfg = Debug|Any CPU
		{CDCDBD8C-8A8A-4C51-8354-7DC9264CCA72}.Debug|Any CPU.Build.0 = Debug|Any CPU
		{CDCDBD8C-8A8A-4C51-8354-7DC9264CCA72}.Release|Any CPU.ActiveCfg = Release|Any CPU
		{CDCDBD8C-8A8A-4C51-8354-7DC9264CCA72}.Release|Any CPU.Build.0 = Release|Any CPU
		{F6D01AB0-1DEB-40D7-BFB1-C606E505038F}.Debug|Any CPU.ActiveCfg = Debug|Any CPU
		{F6D01AB0-1DEB-40D7-BFB1-C606E505038F}.Debug|Any CPU.Build.0 = Debug|Any CPU
		{F6D01AB0-1DEB-40D7-BFB1-C606E505038F}.Release|Any CPU.ActiveCfg = Release|Any CPU
		{F6D01AB0-1DEB-40D7-BFB1-C606E505038F}.Release|Any CPU.Build.0 = Release|Any CPU
		{CC308F7A-E9F9-4574-80A2-2D0EC0540DEC}.Debug|Any CPU.ActiveCfg = Debug|Any CPU
		{CC308F7A-E9F9-4574-80A2-2D0EC0540DEC}.Debug|Any CPU.Build.0 = Debug|Any CPU
		{CC308F7A-E9F9-4574-80A2-2D0EC0540DEC}.Release|Any CPU.ActiveCfg = Release|Any CPU
		{CC308F7A-E9F9-4574-80A2-2D0EC0540DEC}.Release|Any CPU.Build.0 = Release|Any CPU
		{08ABC336-4A55-4186-A9E7-4E0FB66826F8}.Debug|Any CPU.ActiveCfg = Debug|Any CPU
		{08ABC336-4A55-4186-A9E7-4E0FB66826F8}.Debug|Any CPU.Build.0 = Debug|Any CPU
		{08ABC336-4A55-4186-A9E7-4E0FB66826F8}.Debug|Any CPU.Deploy.0 = Debug|Any CPU
		{08ABC336-4A55-4186-A9E7-4E0FB66826F8}.Release|Any CPU.ActiveCfg = Release|Any CPU
		{08ABC336-4A55-4186-A9E7-4E0FB66826F8}.Release|Any CPU.Build.0 = Release|Any CPU
		{08ABC336-4A55-4186-A9E7-4E0FB66826F8}.Release|Any CPU.Deploy.0 = Release|Any CPU
		{0B93D89D-B005-45C9-B7C4-2E38529AFD35}.Debug|Any CPU.ActiveCfg = Debug|Any CPU
		{0B93D89D-B005-45C9-B7C4-2E38529AFD35}.Debug|Any CPU.Build.0 = Debug|Any CPU
		{0B93D89D-B005-45C9-B7C4-2E38529AFD35}.Release|Any CPU.ActiveCfg = Release|Any CPU
		{0B93D89D-B005-45C9-B7C4-2E38529AFD35}.Release|Any CPU.Build.0 = Release|Any CPU
	EndGlobalSection
	GlobalSection(SolutionProperties) = preSolution
		HideSolutionNode = FALSE
	EndGlobalSection
	GlobalSection(ExtensibilityGlobals) = postSolution
		SolutionGuid = {4C84B2E6-5F3D-4081-94C6-DDCCD7653605}
	EndGlobalSection
EndGlobal
